
Microsoft Visual Studio Solution File, Format Version 12.00
# Visual Studio Version 17
VisualStudioVersion = 17.9.34728.123
MinimumVisualStudioVersion = 10.0.40219.1
Project("{FAE04EC0-301F-11D3-BF4B-00C04F79EFBC}") = "EFWinFormsTest", "EFWinFormsTest.csproj", "{72086422-02D8-4E1A-8A1E-09817CBD2EED}"
EndProject
Global
	GlobalSection(SolutionConfigurationPlatforms) = preSolution
		Debug|Any CPU = Debug|Any CPU
		Release|Any CPU = Release|Any CPU
	EndGlobalSection
	GlobalSection(ProjectConfigurationPlatforms) = postSolution
		{72086422-02D8-4E1A-8A1E-09817CBD2EED}.Debug|Any CPU.ActiveCfg = Debug|Any CPU
		{72086422-02D8-4E1A-8A1E-09817CBD2EED}.Debug|Any CPU.Build.0 = Debug|Any CPU
		{72086422-02D8-4E1A-8A1E-09817CBD2EED}.Release|Any CPU.ActiveCfg = Release|Any CPU
		{72086422-02D8-4E1A-8A1E-09817CBD2EED}.Release|Any CPU.Build.0 = Release|Any CPU
	EndGlobalSection
	GlobalSection(SolutionProperties) = preSolution
		HideSolutionNode = FALSE
	EndGlobalSection
	GlobalSection(ExtensibilityGlobals) = postSolution
		SolutionGuid = {0FC25D76-6C70-4EB0-A9E4-EEA7F457FE1F}
	EndGlobalSection
EndGlobal
