
Microsoft Visual Studio Solution File, Format Version 12.00
# Visual Studio Version 17
VisualStudioVersion = 17.7.34221.43
MinimumVisualStudioVersion = 10.0.40219.1
Project("{9A19103F-16F7-4668-BE54-9A1E7A4F7556}") = "CefSharpWinForms", "CefSharpWinForms\CefSharpWinForms.csproj", "{57336467-0A9B-47EF-9300-411B04C91D3B}"
EndProject
Global
	GlobalSection(SolutionConfigurationPlatforms) = preSolution
		Debug|Any CPU = Debug|Any CPU
		Debug|x64 = Debug|x64
		Release|Any CPU = Release|Any CPU
		Release|x64 = Release|x64
	EndGlobalSection
	GlobalSection(ProjectConfigurationPlatforms) = postSolution
		{57336467-0A9B-47EF-9300-411B04C91D3B}.Debug|Any CPU.ActiveCfg = Debug|Any CPU
		{57336467-0A9B-47EF-9300-411B04C91D3B}.Debug|Any CPU.Build.0 = Debug|Any CPU
		{57336467-0A9B-47EF-9300-411B04C91D3B}.Debug|x64.ActiveCfg = Debug|x64
		{57336467-0A9B-47EF-9300-411B04C91D3B}.Debug|x64.Build.0 = Debug|x64
		{57336467-0A9B-47EF-9300-411B04C91D3B}.Release|Any CPU.ActiveCfg = Release|Any CPU
		{57336467-0A9B-47EF-9300-411B04C91D3B}.Release|Any CPU.Build.0 = Release|Any CPU
		{57336467-0A9B-47EF-9300-411B04C91D3B}.Release|x64.ActiveCfg = Release|x64
		{57336467-0A9B-47EF-9300-411B04C91D3B}.Release|x64.Build.0 = Release|x64
	EndGlobalSection
	GlobalSection(SolutionProperties) = preSolution
		HideSolutionNode = FALSE
	EndGlobalSection
	GlobalSection(ExtensibilityGlobals) = postSolution
		SolutionGuid = {0660CB49-13D5-489A-A473-626B7B7150D0}
	EndGlobalSection
EndGlobal
